// !$*UTF8*$!
{
	archiveVersion = 1;
	classes = {
	};
	objectVersion = 46;
	objects = {

/* Begin PBXBuildFile section */
		7E74F3721BBCDD9600788616 /* SwiftyJSON.swift in Sources */ = {isa = PBXBuildFile; fileRef = 7E74F3711BBCDD9600788616 /* SwiftyJSON.swift */; settings = {ASSET_TAGS = (); }; };
		7E82FEFA1BBCF87600E21780 /* ThietBi.swift in Sources */ = {isa = PBXBuildFile; fileRef = 7E82FEF91BBCF87600E21780 /* ThietBi.swift */; settings = {ASSET_TAGS = (); }; };
		7EA047E71BBECAAE0082E5BA /* FBSDKCoreKit.framework in Frameworks */ = {isa = PBXBuildFile; fileRef = 7EA047E61BBECAAE0082E5BA /* FBSDKCoreKit.framework */; settings = {ASSET_TAGS = (); }; };
		7EA047E91BBECABD0082E5BA /* FBSDKLoginKit.framework in Frameworks */ = {isa = PBXBuildFile; fileRef = 7EA047E81BBECABD0082E5BA /* FBSDKLoginKit.framework */; settings = {ASSET_TAGS = (); }; };
		7EB5F97C1BBC3B5300E8E1BD /* AppDelegate.swift in Sources */ = {isa = PBXBuildFile; fileRef = 7EB5F97B1BBC3B5300E8E1BD /* AppDelegate.swift */; };
		7EB5F97E1BBC3B5300E8E1BD /* ViewController.swift in Sources */ = {isa = PBXBuildFile; fileRef = 7EB5F97D1BBC3B5300E8E1BD /* ViewController.swift */; };
		7EB5F9811BBC3B5300E8E1BD /* Main.storyboard in Resources */ = {isa = PBXBuildFile; fileRef = 7EB5F97F1BBC3B5300E8E1BD /* Main.storyboard */; };
		7EB5F9831BBC3B5300E8E1BD /* Assets.xcassets in Resources */ = {isa = PBXBuildFile; fileRef = 7EB5F9821BBC3B5300E8E1BD /* Assets.xcassets */; };
		7EB5F9861BBC3B5300E8E1BD /* LaunchScreen.storyboard in Resources */ = {isa = PBXBuildFile; fileRef = 7EB5F9841BBC3B5300E8E1BD /* LaunchScreen.storyboard */; };
		7EB5F98E1BBC3C6D00E8E1BD /* DsThietBiTableViewController.swift in Sources */ = {isa = PBXBuildFile; fileRef = 7EB5F98D1BBC3C6D00E8E1BD /* DsThietBiTableViewController.swift */; settings = {ASSET_TAGS = (); }; };
		7EC3B0851BBDA1260076C931 /* Icon-Small.png in Resources */ = {isa = PBXBuildFile; fileRef = 7EC3B0821BBDA1260076C931 /* Icon-Small.png */; settings = {ASSET_TAGS = (); }; };
		7EC3B0861BBDA1260076C931 /* Icon-Small@2x.png in Resources */ = {isa = PBXBuildFile; fileRef = 7EC3B0831BBDA1260076C931 /* Icon-Small@2x.png */; settings = {ASSET_TAGS = (); }; };
		7EC3B0871BBDA1260076C931 /* Icon-Small@3x.png in Resources */ = {isa = PBXBuildFile; fileRef = 7EC3B0841BBDA1260076C931 /* Icon-Small@3x.png */; settings = {ASSET_TAGS = (); }; };
/* End PBXBuildFile section */

/* Begin PBXFileReference section */
		7E74F3711BBCDD9600788616 /* SwiftyJSON.swift */ = {isa = PBXFileReference; fileEncoding = 4; lastKnownFileType = sourcecode.swift; name = SwiftyJSON.swift; path = "../../../../../Users/QuyTuTLU/Downloads/HackingWithSwift-master/project7/Project7/SwiftyJSON.swift"; sourceTree = "<group>"; };
		7E82FEF91BBCF87600E21780 /* ThietBi.swift */ = {isa = PBXFileReference; fileEncoding = 4; lastKnownFileType = sourcecode.swift; path = ThietBi.swift; sourceTree = "<group>"; };
		7EA047E61BBECAAE0082E5BA /* FBSDKCoreKit.framework */ = {isa = PBXFileReference; lastKnownFileType = wrapper.framework; path = FBSDKCoreKit.framework; sourceTree = "<group>"; };
		7EA047E81BBECABD0082E5BA /* FBSDKLoginKit.framework */ = {isa = PBXFileReference; lastKnownFileType = wrapper.framework; path = FBSDKLoginKit.framework; sourceTree = "<group>"; };
		7EB5F9781BBC3B5300E8E1BD /* SmartHome.app */ = {isa = PBXFileReference; explicitFileType = wrapper.application; includeInIndex = 0; path = SmartHome.app; sourceTree = BUILT_PRODUCTS_DIR; };
		7EB5F97B1BBC3B5300E8E1BD /* AppDelegate.swift */ = {isa = PBXFileReference; lastKnownFileType = sourcecode.swift; path = AppDelegate.swift; sourceTree = "<group>"; };
		7EB5F97D1BBC3B5300E8E1BD /* ViewController.swift */ = {isa = PBXFileReference; lastKnownFileType = sourcecode.swift; path = ViewController.swift; sourceTree = "<group>"; };
		7EB5F9801BBC3B5300E8E1BD /* Base */ = {isa = PBXFileReference; lastKnownFileType = file.storyboard; name = Base; path = Base.lproj/Main.storyboard; sourceTree = "<group>"; };
		7EB5F9821BBC3B5300E8E1BD /* Assets.xcassets */ = {isa = PBXFileReference; lastKnownFileType = folder.assetcatalog; path = Assets.xcassets; sourceTree = "<group>"; };
		7EB5F9851BBC3B5300E8E1BD /* Base */ = {isa = PBXFileReference; lastKnownFileType = file.storyboard; name = Base; path = Base.lproj/LaunchScreen.storyboard; sourceTree = "<group>"; };
		7EB5F9871BBC3B5300E8E1BD /* Info.plist */ = {isa = PBXFileReference; lastKnownFileType = text.plist.xml; path = Info.plist; sourceTree = "<group>"; };
		7EB5F98D1BBC3C6D00E8E1BD /* DsThietBiTableViewController.swift */ = {isa = PBXFileReference; fileEncoding = 4; lastKnownFileType = sourcecode.swift; path = DsThietBiTableViewController.swift; sourceTree = "<group>"; };
		7EC3B0821BBDA1260076C931 /* Icon-Small.png */ = {isa = PBXFileReference; lastKnownFileType = image.png; path = "Icon-Small.png"; sourceTree = "<group>"; };
		7EC3B0831BBDA1260076C931 /* Icon-Small@2x.png */ = {isa = PBXFileReference; lastKnownFileType = image.png; path = "Icon-Small@2x.png"; sourceTree = "<group>"; };
		7EC3B0841BBDA1260076C931 /* Icon-Small@3x.png */ = {isa = PBXFileReference; lastKnownFileType = image.png; path = "Icon-Small@3x.png"; sourceTree = "<group>"; };
/* End PBXFileReference section */

/* Begin PBXFrameworksBuildPhase section */
		7EB5F9751BBC3B5300E8E1BD /* Frameworks */ = {
			isa = PBXFrameworksBuildPhase;
			buildActionMask = 2147483647;
			files = (
				7EA047E91BBECABD0082E5BA /* FBSDKLoginKit.framework in Frameworks */,
				7EA047E71BBECAAE0082E5BA /* FBSDKCoreKit.framework in Frameworks */,
			);
			runOnlyForDeploymentPostprocessing = 0;
		};
/* End PBXFrameworksBuildPhase section */

/* Begin PBXGroup section */
		7EB5F96F1BBC3B5300E8E1BD = {
			isa = PBXGroup;
			children = (
				7EB5F97A1BBC3B5300E8E1BD /* SmartHome */,
				7EB5F9791BBC3B5300E8E1BD /* Products */,
			);
			sourceTree = "<group>";
		};
		7EB5F9791BBC3B5300E8E1BD /* Products */ = {
			isa = PBXGroup;
			children = (
				7EB5F9781BBC3B5300E8E1BD /* SmartHome.app */,
			);
			name = Products;
			sourceTree = "<group>";
		};
		7EB5F97A1BBC3B5300E8E1BD /* SmartHome */ = {
			isa = PBXGroup;
			children = (
				7EA047E81BBECABD0082E5BA /* FBSDKLoginKit.framework */,
				7EA047E61BBECAAE0082E5BA /* FBSDKCoreKit.framework */,
				7EC3B0821BBDA1260076C931 /* Icon-Small.png */,
				7EC3B0831BBDA1260076C931 /* Icon-Small@2x.png */,
				7EC3B0841BBDA1260076C931 /* Icon-Small@3x.png */,
				7E82FEF91BBCF87600E21780 /* ThietBi.swift */,
				7EB5F97B1BBC3B5300E8E1BD /* AppDelegate.swift */,
				7EB5F97D1BBC3B5300E8E1BD /* ViewController.swift */,
				7EB5F97F1BBC3B5300E8E1BD /* Main.storyboard */,
				7EB5F9821BBC3B5300E8E1BD /* Assets.xcassets */,
				7EB5F9841BBC3B5300E8E1BD /* LaunchScreen.storyboard */,
				7EB5F9871BBC3B5300E8E1BD /* Info.plist */,
				7EB5F98D1BBC3C6D00E8E1BD /* DsThietBiTableViewController.swift */,
				7E74F3711BBCDD9600788616 /* SwiftyJSON.swift */,
			);
			path = SmartHome;
			sourceTree = "<group>";
		};
/* End PBXGroup section */

/* Begin PBXNativeTarget section */
		7EB5F9771BBC3B5300E8E1BD /* SmartHome */ = {
			isa = PBXNativeTarget;
			buildConfigurationList = 7EB5F98A1BBC3B5300E8E1BD /* Build configuration list for PBXNativeTarget "SmartHome" */;
			buildPhases = (
				7EB5F9741BBC3B5300E8E1BD /* Sources */,
				7EB5F9751BBC3B5300E8E1BD /* Frameworks */,
				7EB5F9761BBC3B5300E8E1BD /* Resources */,
			);
			buildRules = (
			);
			dependencies = (
			);
			name = SmartHome;
			productName = SmartHome;
			productReference = 7EB5F9781BBC3B5300E8E1BD /* SmartHome.app */;
			productType = "com.apple.product-type.application";
		};
/* End PBXNativeTarget section */

/* Begin PBXProject section */
		7EB5F9701BBC3B5300E8E1BD /* Project object */ = {
			isa = PBXProject;
			attributes = {
				LastUpgradeCheck = 0700;
				ORGANIZATIONNAME = quytutlu;
				TargetAttributes = {
					7EB5F9771BBC3B5300E8E1BD = {
						CreatedOnToolsVersion = 7.0.1;
						DevelopmentTeam = UQ44HCNXM7;
					};
				};
			};
			buildConfigurationList = 7EB5F9731BBC3B5300E8E1BD /* Build configuration list for PBXProject "SmartHome" */;
			compatibilityVersion = "Xcode 3.2";
			developmentRegion = English;
			hasScannedForEncodings = 0;
			knownRegions = (
				en,
				Base,
			);
			mainGroup = 7EB5F96F1BBC3B5300E8E1BD;
			productRefGroup = 7EB5F9791BBC3B5300E8E1BD /* Products */;
			projectDirPath = "";
			projectRoot = "";
			targets = (
				7EB5F9771BBC3B5300E8E1BD /* SmartHome */,
			);
		};
/* End PBXProject section */

/* Begin PBXResourcesBuildPhase section */
		7EB5F9761BBC3B5300E8E1BD /* Resources */ = {
			isa = PBXResourcesBuildPhase;
			buildActionMask = 2147483647;
			files = (
				7EC3B0871BBDA1260076C931 /* Icon-Small@3x.png in Resources */,
				7EC3B0851BBDA1260076C931 /* Icon-Small.png in Resources */,
				7EB5F9861BBC3B5300E8E1BD /* LaunchScreen.storyboard in Resources */,
				7EB5F9831BBC3B5300E8E1BD /* Assets.xcassets in Resources */,
				7EC3B0861BBDA1260076C931 /* Icon-Small@2x.png in Resources */,
				7EB5F9811BBC3B5300E8E1BD /* Main.storyboard in Resources */,
			);
			runOnlyForDeploymentPostprocessing = 0;
		};
/* End PBXResourcesBuildPhase section */

/* Begin PBXSourcesBuildPhase section */
		7EB5F9741BBC3B5300E8E1BD /* Sources */ = {
			isa = PBXSourcesBuildPhase;
			buildActionMask = 2147483647;
			files = (
				7EB5F97E1BBC3B5300E8E1BD /* ViewController.swift in Sources */,
				7EB5F98E1BBC3C6D00E8E1BD /* DsThietBiTableViewController.swift in Sources */,
				7EB5F97C1BBC3B5300E8E1BD /* AppDelegate.swift in Sources */,
				7E82FEFA1BBCF87600E21780 /* ThietBi.swift in Sources */,
				7E74F3721BBCDD9600788616 /* SwiftyJSON.swift in Sources */,
			);
			runOnlyForDeploymentPostprocessing = 0;
		};
/* End PBXSourcesBuildPhase section */

/* Begin PBXVariantGroup section */
		7EB5F97F1BBC3B5300E8E1BD /* Main.storyboard */ = {
			isa = PBXVariantGroup;
			children = (
				7EB5F9801BBC3B5300E8E1BD /* Base */,
			);
			name = Main.storyboard;
			sourceTree = "<group>";
		};
		7EB5F9841BBC3B5300E8E1BD /* LaunchScreen.storyboard */ = {
			isa = PBXVariantGroup;
			children = (
				7EB5F9851BBC3B5300E8E1BD /* Base */,
			);
			name = LaunchScreen.storyboard;
			sourceTree = "<group>";
		};
/* End PBXVariantGroup section */

/* Begin XCBuildConfiguration section */
		7EB5F9881BBC3B5300E8E1BD /* Debug */ = {
			isa = XCBuildConfiguration;
			buildSettings = {
				ALWAYS_SEARCH_USER_PATHS = NO;
				CLANG_CXX_LANGUAGE_STANDARD = "gnu++0x";
				CLANG_CXX_LIBRARY = "libc++";
				CLANG_ENABLE_MODULES = YES;
				CLANG_ENABLE_OBJC_ARC = YES;
				CLANG_WARN_BOOL_CONVERSION = YES;
				CLANG_WARN_CONSTANT_CONVERSION = YES;
				CLANG_WARN_DIRECT_OBJC_ISA_USAGE = YES_ERROR;
				CLANG_WARN_EMPTY_BODY = YES;
				CLANG_WARN_ENUM_CONVERSION = YES;
				CLANG_WARN_INT_CONVERSION = YES;
				CLANG_WARN_OBJC_ROOT_CLASS = YES_ERROR;
				CLANG_WARN_UNREACHABLE_CODE = YES;
				CLANG_WARN__DUPLICATE_METHOD_MATCH = YES;
				"CODE_SIGN_IDENTITY[sdk=iphoneos*]" = "iPhone Developer";
				COPY_PHASE_STRIP = NO;
				DEBUG_INFORMATION_FORMAT = dwarf;
				ENABLE_STRICT_OBJC_MSGSEND = YES;
				ENABLE_TESTABILITY = YES;
				GCC_C_LANGUAGE_STANDARD = gnu99;
				GCC_DYNAMIC_NO_PIC = NO;
				GCC_NO_COMMON_BLOCKS = YES;
				GCC_OPTIMIZATION_LEVEL = 0;
				GCC_PREPROCESSOR_DEFINITIONS = (
					"DEBUG=1",
					"$(inherited)",
				);
				GCC_WARN_64_TO_32_BIT_CONVERSION = YES;
				GCC_WARN_ABOUT_RETURN_TYPE = YES_ERROR;
				GCC_WARN_UNDECLARED_SELECTOR = YES;
				GCC_WARN_UNINITIALIZED_AUTOS = YES_AGGRESSIVE;
				GCC_WARN_UNUSED_FUNCTION = YES;
				GCC_WARN_UNUSED_VARIABLE = YES;
				IPHONEOS_DEPLOYMENT_TARGET = 9.0;
				MTL_ENABLE_DEBUG_INFO = YES;
				ONLY_ACTIVE_ARCH = YES;
				SDKROOT = iphoneos;
				SWIFT_OPTIMIZATION_LEVEL = "-Onone";
				TARGETED_DEVICE_FAMILY = "1,2";
			};
			name = Debug;
		};
		7EB5F9891BBC3B5300E8E1BD /* Release */ = {
			isa = XCBuildConfiguration;
			buildSettings = {
				ALWAYS_SEARCH_USER_PATHS = NO;
				CLANG_CXX_LANGUAGE_STANDARD = "gnu++0x";
				CLANG_CXX_LIBRARY = "libc++";
				CLANG_ENABLE_MODULES = YES;
				CLANG_ENABLE_OBJC_ARC = YES;
				CLANG_WARN_BOOL_CONVERSION = YES;
				CLANG_WARN_CONSTANT_CONVERSION = YES;
				CLANG_WARN_DIRECT_OBJC_ISA_USAGE = YES_ERROR;
				CLANG_WARN_EMPTY_BODY = YES;
				CLANG_WARN_ENUM_CONVERSION = YES;
				CLANG_WARN_INT_CONVERSION = YES;
				CLANG_WARN_OBJC_ROOT_CLASS = YES_ERROR;
				CLANG_WARN_UNREACHABLE_CODE = YES;
				CLANG_WARN__DUPLICATE_METHOD_MATCH = YES;
				"CODE_SIGN_IDENTITY[sdk=iphoneos*]" = "iPhone Developer";
				COPY_PHASE_STRIP = NO;
				DEBUG_INFORMATION_FORMAT = "dwarf-with-dsym";
				ENABLE_NS_ASSERTIONS = NO;
				ENABLE_STRICT_OBJC_MSGSEND = YES;
				GCC_C_LANGUAGE_STANDARD = gnu99;
				GCC_NO_COMMON_BLOCKS = YES;
				GCC_WARN_64_TO_32_BIT_CONVERSION = YES;
				GCC_WARN_ABOUT_RETURN_TYPE = YES_ERROR;
				GCC_WARN_UNDECLARED_SELECTOR = YES;
				GCC_WARN_UNINITIALIZED_AUTOS = YES_AGGRESSIVE;
				GCC_WARN_UNUSED_FUNCTION = YES;
				GCC_WARN_UNUSED_VARIABLE = YES;
				IPHONEOS_DEPLOYMENT_TARGET = 9.0;
				MTL_ENABLE_DEBUG_INFO = NO;
				SDKROOT = iphoneos;
				TARGETED_DEVICE_FAMILY = "1,2";
				VALIDATE_PRODUCT = YES;
			};
			name = Release;
		};
		7EB5F98B1BBC3B5300E8E1BD /* Debug */ = {
			isa = XCBuildConfiguration;
			buildSettings = {
				ASSETCATALOG_COMPILER_APPICON_NAME = AppIcon;
				CODE_SIGN_IDENTITY = "iPhone Developer";
				"CODE_SIGN_IDENTITY[sdk=iphoneos*]" = "iPhone Developer";
				FRAMEWORK_SEARCH_PATHS = (
					"$(inherited)",
					"$(PROJECT_DIR)/SmartHome",
				);
				INFOPLIST_FILE = SmartHome/Info.plist;
				IPHONEOS_DEPLOYMENT_TARGET = 8.4;
				LD_RUNPATH_SEARCH_PATHS = "$(inherited) @executable_path/Frameworks";
				PRODUCT_BUNDLE_IDENTIFIER = quytutlu.SmartHome;
				PRODUCT_NAME = "$(TARGET_NAME)";
				PROVISIONING_PROFILE = "";
			};
			name = Debug;
		};
		7EB5F98C1BBC3B5300E8E1BD /* Release */ = {
			isa = XCBuildConfiguration;
			buildSettings = {
				ASSETCATALOG_COMPILER_APPICON_NAME = AppIcon;
				CODE_SIGN_IDENTITY = "iPhone Developer";
				"CODE_SIGN_IDENTITY[sdk=iphoneos*]" = "iPhone Developer";
				FRAMEWORK_SEARCH_PATHS = (
					"$(inherited)",
					"$(PROJECT_DIR)/SmartHome",
				);
				INFOPLIST_FILE = SmartHome/Info.plist;
				IPHONEOS_DEPLOYMENT_TARGET = 8.4;
				LD_RUNPATH_SEARCH_PATHS = "$(inherited) @executable_path/Frameworks";
				PRODUCT_BUNDLE_IDENTIFIER = quytutlu.SmartHome;
				PRODUCT_NAME = "$(TARGET_NAME)";
				PROVISIONING_PROFILE = "";
			};
			name = Release;
		};
/* End XCBuildConfiguration section */

/* Begin XCConfigurationList section */
		7EB5F9731BBC3B5300E8E1BD /* Build configuration list for PBXProject "SmartHome" */ = {
			isa = XCConfigurationList;
			buildConfigurations = (
				7EB5F9881BBC3B5300E8E1BD /* Debug */,
				7EB5F9891BBC3B5300E8E1BD /* Release */,
			);
			defaultConfigurationIsVisible = 0;
			defaultConfigurationName = Release;
		};
		7EB5F98A1BBC3B5300E8E1BD /* Build configuration list for PBXNativeTarget "SmartHome" */ = {
			isa = XCConfigurationList;
			buildConfigurations = (
				7EB5F98B1BBC3B5300E8E1BD /* Debug */,
				7EB5F98C1BBC3B5300E8E1BD /* Release */,
			);
			defaultConfigurationIsVisible = 0;
			defaultConfigurationName = Release;
		};
/* End XCConfigurationList section */
	};
	rootObject = 7EB5F9701BBC3B5300E8E1BD /* Project object */;
}
